PODS:
  - BrazeKit (6.6.1)
  - BrazeUI (6.6.1):
    - BrazeKit (= 6.6.1)
  - Rudder (1.17.0)
  - Rudder-Braze (1.3.0):
    - BrazeKit (~> 6.6.0)
    - Rudder (~> 1.12)

DEPENDENCIES:
  - BrazeUI
  - Rudder-Braze (from `../`)

SPEC REPOS:
  https://github.com/CocoaPods/Specs.git:
    - BrazeKit
    - BrazeUI
    - Rudder

EXTERNAL SOURCES:
  Rudder-Braze:
    :path: "../"

SPEC CHECKSUMS:
  BrazeKit: 7199d564cd3c90842b11a12ff11b99d0dbbb2579
  BrazeUI: 6f85e1861f96623e520a3af91d2eaf82faf6118c
  Rudder: 3f4ab09638452282a22b96a388b54132dcd3fca8
  Rudder-Braze: a1b41927b91b067f242c5576f6157e0cea9e59a2

PODFILE CHECKSUM: 3612ddeb3ca2409c50b61623c21d9adc0f7d19c2

COCOAPODS: 1.11.3
