PODS:
  - BrazeKit (6.6.0)
  - Rudder (1.17.0)
  - Rudder-Braze (1.2.0):
    - BrazeKit (~> 6.6.0)
    - Rudder (~> 1.12)

DEPENDENCIES:
  - Rudder-Braze (from `../`)

SPEC REPOS:
  https://github.com/CocoaPods/Specs.git:
    - BrazeKit
    - Rudder

EXTERNAL SOURCES:
  Rudder-Braze:
    :path: "../"

SPEC CHECKSUMS:
  BrazeKit: 3c25fd2317ef39059c7305074c3662971f6373cc
  Rudder: 3f4ab09638452282a22b96a388b54132dcd3fca8
  Rudder-Braze: 22d60abb3ab8d5864606d7515794d04dcab743f8

PODFILE CHECKSUM: cc0486713ced089647add5645100feb3965e5ebb

COCOAPODS: 1.11.3
